
Microsoft Visual Studio Solution File, Format Version 12.00
# Visual Studio Version 17
VisualStudioVersion = 17.0.31919.166
MinimumVisualStudioVersion = 10.0.40219.1
Project("{2150E333-8FDC-42A3-9474-1A3956D46DE8}") = "FrontEnd", "FrontEnd", "{8D15180C-46CA-428D-B35C-D064C0173CEE}"
EndProject
Project("{2150E333-8FDC-42A3-9474-1A3956D46DE8}") = "Services", "Services", "{05408324-118E-43DB-BE04-36B91C8DAD92}"
EndProject
Project("{9A19103F-16F7-4668-BE54-9A1E7A4F7556}") = "GeekShopping.Web", "GeekShopping.Web\GeekShopping.Web.csproj", "{0F2AA79F-4BAD-4A47-BCD6-23E333E7B336}"
EndProject
Project("{9A19103F-16F7-4668-BE54-9A1E7A4F7556}") = "GeekShopping.ProductAPI", "GeekShopping.ProductAPI\GeekShopping.ProductAPI.csproj", "{0BD3D3BA-E1AA-4347-820C-B59D3975FA1D}"
EndProject
Project("{9A19103F-16F7-4668-BE54-9A1E7A4F7556}") = "GeekShopping.IdentityServer", "GeekShopping.IdentityServer\GeekShopping.IdentityServer.csproj", "{73B53C13-D6FB-48C2-936B-2AC6C37FA504}"
EndProject
Project("{9A19103F-16F7-4668-BE54-9A1E7A4F7556}") = "GeekShopping.CartAPI", "GeekShopping.CartAPI\GeekShopping.CartAPI.csproj", "{6E80A921-130A-47A9-8799-D28DD0489DBA}"
EndProject
Project("{9A19103F-16F7-4668-BE54-9A1E7A4F7556}") = "GeekShopping.CouponAPI", "GeekShopping.CouponAPI\GeekShopping.CouponAPI.csproj", "{6D3CCAE0-513A-47B6-A008-0217F1B64294}"
EndProject
Project("{2150E333-8FDC-42A3-9474-1A3956D46DE8}") = "Integration", "Integration", "{ABF361AD-884C-42E7-AA54-A932F6095D93}"
EndProject
Project("{9A19103F-16F7-4668-BE54-9A1E7A4F7556}") = "GeekShopping.MessageBus", "GeekShopping.MessageBus\GeekShopping.MessageBus.csproj", "{172D21B4-59CE-413B-9058-24B22109371F}"
EndProject
Project("{9A19103F-16F7-4668-BE54-9A1E7A4F7556}") = "GeekShopping.OrderAPI", "GeekShopping.OrderAPI\GeekShopping.OrderAPI.csproj", "{0ACF1CBB-6535-4D7C-833E-23837E78709D}"
EndProject
Project("{2150E333-8FDC-42A3-9474-1A3956D46DE8}") = "Payments", "Payments", "{15606E3F-C19E-42CC-B795-E0EB514500B1}"
EndProject
Project("{FAE04EC0-301F-11D3-BF4B-00C04F79EFBC}") = "GeekShopping.PaymentAPI", "GeekShopping.PaymentAPI\GeekShopping.PaymentAPI.csproj", "{82B1EEEC-3E8B-4F4D-939F-19D5986D9C5E}"
EndProject
Project("{FAE04EC0-301F-11D3-BF4B-00C04F79EFBC}") = "GeekShopping.PaymentProcessor", "GeekShopping.PaymentProcessor\GeekShopping.PaymentProcessor.csproj", "{D362A716-BE25-4D86-A6E2-EB051FD61E59}"
EndProject
Global
	GlobalSection(SolutionConfigurationPlatforms) = preSolution
		Debug|Any CPU = Debug|Any CPU
		Release|Any CPU = Release|Any CPU
	EndGlobalSection
	GlobalSection(ProjectConfigurationPlatforms) = postSolution
		{0F2AA79F-4BAD-4A47-BCD6-23E333E7B336}.Debug|Any CPU.ActiveCfg = Debug|Any CPU
		{0F2AA79F-4BAD-4A47-BCD6-23E333E7B336}.Debug|Any CPU.Build.0 = Debug|Any CPU
		{0F2AA79F-4BAD-4A47-BCD6-23E333E7B336}.Release|Any CPU.ActiveCfg = Release|Any CPU
		{0F2AA79F-4BAD-4A47-BCD6-23E333E7B336}.Release|Any CPU.Build.0 = Release|Any CPU
		{0BD3D3BA-E1AA-4347-820C-B59D3975FA1D}.Debug|Any CPU.ActiveCfg = Debug|Any CPU
		{0BD3D3BA-E1AA-4347-820C-B59D3975FA1D}.Debug|Any CPU.Build.0 = Debug|Any CPU
		{0BD3D3BA-E1AA-4347-820C-B59D3975FA1D}.Release|Any CPU.ActiveCfg = Release|Any CPU
		{0BD3D3BA-E1AA-4347-820C-B59D3975FA1D}.Release|Any CPU.Build.0 = Release|Any CPU
		{73B53C13-D6FB-48C2-936B-2AC6C37FA504}.Debug|Any CPU.ActiveCfg = Debug|Any CPU
		{73B53C13-D6FB-48C2-936B-2AC6C37FA504}.Debug|Any CPU.Build.0 = Debug|Any CPU
		{73B53C13-D6FB-48C2-936B-2AC6C37FA504}.Release|Any CPU.ActiveCfg = Release|Any CPU
		{73B53C13-D6FB-48C2-936B-2AC6C37FA504}.Release|Any CPU.Build.0 = Release|Any CPU
		{6E80A921-130A-47A9-8799-D28DD0489DBA}.Debug|Any CPU.ActiveCfg = Debug|Any CPU
		{6E80A921-130A-47A9-8799-D28DD0489DBA}.Debug|Any CPU.Build.0 = Debug|Any CPU
		{6E80A921-130A-47A9-8799-D28DD0489DBA}.Release|Any CPU.ActiveCfg = Release|Any CPU
		{6E80A921-130A-47A9-8799-D28DD0489DBA}.Release|Any CPU.Build.0 = Release|Any CPU
		{6D3CCAE0-513A-47B6-A008-0217F1B64294}.Debug|Any CPU.ActiveCfg = Debug|Any CPU
		{6D3CCAE0-513A-47B6-A008-0217F1B64294}.Debug|Any CPU.Build.0 = Debug|Any CPU
		{6D3CCAE0-513A-47B6-A008-0217F1B64294}.Release|Any CPU.ActiveCfg = Release|Any CPU
		{6D3CCAE0-513A-47B6-A008-0217F1B64294}.Release|Any CPU.Build.0 = Release|Any CPU
		{172D21B4-59CE-413B-9058-24B22109371F}.Debug|Any CPU.ActiveCfg = Debug|Any CPU
		{172D21B4-59CE-413B-9058-24B22109371F}.Debug|Any CPU.Build.0 = Debug|Any CPU
		{172D21B4-59CE-413B-9058-24B22109371F}.Release|Any CPU.ActiveCfg = Release|Any CPU
		{172D21B4-59CE-413B-9058-24B22109371F}.Release|Any CPU.Build.0 = Release|Any CPU
		{0ACF1CBB-6535-4D7C-833E-23837E78709D}.Debug|Any CPU.ActiveCfg = Debug|Any CPU
		{0ACF1CBB-6535-4D7C-833E-23837E78709D}.Debug|Any CPU.Build.0 = Debug|Any CPU
		{0ACF1CBB-6535-4D7C-833E-23837E78709D}.Release|Any CPU.ActiveCfg = Release|Any CPU
		{0ACF1CBB-6535-4D7C-833E-23837E78709D}.Release|Any CPU.Build.0 = Release|Any CPU
		{82B1EEEC-3E8B-4F4D-939F-19D5986D9C5E}.Debug|Any CPU.ActiveCfg = Debug|Any CPU
		{82B1EEEC-3E8B-4F4D-939F-19D5986D9C5E}.Debug|Any CPU.Build.0 = Debug|Any CPU
		{82B1EEEC-3E8B-4F4D-939F-19D5986D9C5E}.Release|Any CPU.ActiveCfg = Release|Any CPU
		{82B1EEEC-3E8B-4F4D-939F-19D5986D9C5E}.Release|Any CPU.Build.0 = Release|Any CPU
		{D362A716-BE25-4D86-A6E2-EB051FD61E59}.Debug|Any CPU.ActiveCfg = Debug|Any CPU
		{D362A716-BE25-4D86-A6E2-EB051FD61E59}.Debug|Any CPU.Build.0 = Debug|Any CPU
		{D362A716-BE25-4D86-A6E2-EB051FD61E59}.Release|Any CPU.ActiveCfg = Release|Any CPU
		{D362A716-BE25-4D86-A6E2-EB051FD61E59}.Release|Any CPU.Build.0 = Release|Any CPU
	EndGlobalSection
	GlobalSection(SolutionProperties) = preSolution
		HideSolutionNode = FALSE
	EndGlobalSection
	GlobalSection(NestedProjects) = preSolution
		{0F2AA79F-4BAD-4A47-BCD6-23E333E7B336} = {8D15180C-46CA-428D-B35C-D064C0173CEE}
		{0BD3D3BA-E1AA-4347-820C-B59D3975FA1D} = {05408324-118E-43DB-BE04-36B91C8DAD92}
		{73B53C13-D6FB-48C2-936B-2AC6C37FA504} = {05408324-118E-43DB-BE04-36B91C8DAD92}
		{6E80A921-130A-47A9-8799-D28DD0489DBA} = {05408324-118E-43DB-BE04-36B91C8DAD92}
		{6D3CCAE0-513A-47B6-A008-0217F1B64294} = {05408324-118E-43DB-BE04-36B91C8DAD92}
		{172D21B4-59CE-413B-9058-24B22109371F} = {ABF361AD-884C-42E7-AA54-A932F6095D93}
		{0ACF1CBB-6535-4D7C-833E-23837E78709D} = {05408324-118E-43DB-BE04-36B91C8DAD92}
		{82B1EEEC-3E8B-4F4D-939F-19D5986D9C5E} = {05408324-118E-43DB-BE04-36B91C8DAD92}
		{D362A716-BE25-4D86-A6E2-EB051FD61E59} = {15606E3F-C19E-42CC-B795-E0EB514500B1}
	EndGlobalSection
	GlobalSection(ExtensibilityGlobals) = postSolution
		SolutionGuid = {6E75C2B8-1C5C-40F2-94D3-49359DE001E9}
	EndGlobalSection
EndGlobal
